// !$*UTF8*$!
{
	archiveVersion = 1;
	classes = {
	};
	objectVersion = 48;
	objects = {

/* Begin PBXBuildFile section */
		9626D59F2074DC3D00D52991 /* CFRunloop.c in Sources */ = {isa = PBXBuildFile; fileRef = 9626D59E2074DC3D00D52991 /* CFRunloop.c */; };
		9642CD542058F008005611C6 /* main.m in Sources */ = {isa = PBXBuildFile; fileRef = 9642CD532058F008005611C6 /* main.m */; };
/* End PBXBuildFile section */

/* Begin PBXCopyFilesBuildPhase section */
		9642CD4E2058F008005611C6 /* CopyFiles */ = {
			isa = PBXCopyFilesBuildPhase;
			buildActionMask = 2147483647;
			dstPath = /usr/share/man/man1/;
			dstSubfolderSpec = 0;
			files = (
			);
			runOnlyForDeploymentPostprocessing = 1;
		};
/* End PBXCopyFilesBuildPhase section */

/* Begin PBXFileReference section */
		9626D59D2074DC3D00D52991 /* CFRunloop.h */ = {isa = PBXFileReference; lastKnownFileType = sourcecode.c.h; path = CFRunloop.h; sourceTree = "<group>"; };
		9626D59E2074DC3D00D52991 /* CFRunloop.c */ = {isa = PBXFileReference; lastKnownFileType = sourcecode.c.c; path = CFRunloop.c; sourceTree = "<group>"; };
		9626D5A12074DEC800D52991 /* Protocol.h */ = {isa = PBXFileReference; lastKnownFileType = sourcecode.c.h; path = Protocol.h; sourceTree = "<group>"; };
		9626D5A22074DEC800D52991 /* objc-file.mm */ = {isa = PBXFileReference; lastKnownFileType = sourcecode.cpp.objcpp; path = "objc-file.mm"; sourceTree = "<group>"; };
		9626D5A32074DEC800D52991 /* objc-errors.mm */ = {isa = PBXFileReference; lastKnownFileType = sourcecode.cpp.objcpp; path = "objc-errors.mm"; sourceTree = "<group>"; };
		9626D5A42074DEC800D52991 /* objc-config.h */ = {isa = PBXFileReference; lastKnownFileType = sourcecode.c.h; path = "objc-config.h"; sourceTree = "<group>"; };
		9626D5A52074DEC800D52991 /* objc-private.h */ = {isa = PBXFileReference; lastKnownFileType = sourcecode.c.h; path = "objc-private.h"; sourceTree = "<group>"; };
		9626D5A72074DEC800D52991 /* objc-msg-arm.s */ = {isa = PBXFileReference; lastKnownFileType = sourcecode.asm; path = "objc-msg-arm.s"; sourceTree = "<group>"; };
		9626D5A82074DEC800D52991 /* objc-msg-simulator-i386.s */ = {isa = PBXFileReference; lastKnownFileType = sourcecode.asm; path = "objc-msg-simulator-i386.s"; sourceTree = "<group>"; };
		9626D5A92074DEC800D52991 /* objc-msg-i386.s */ = {isa = PBXFileReference; lastKnownFileType = sourcecode.asm; path = "objc-msg-i386.s"; sourceTree = "<group>"; };
		9626D5AA2074DEC800D52991 /* objc-msg-x86_64.s */ = {isa = PBXFileReference; lastKnownFileType = sourcecode.asm; path = "objc-msg-x86_64.s"; sourceTree = "<group>"; };
		9626D5AB2074DEC800D52991 /* objc-msg-simulator-x86_64.s */ = {isa = PBXFileReference; lastKnownFileType = sourcecode.asm; path = "objc-msg-simulator-x86_64.s"; sourceTree = "<group>"; };
		9626D5AC2074DEC800D52991 /* objc-msg-win32.m */ = {isa = PBXFileReference; lastKnownFileType = sourcecode.c.objc; path = "objc-msg-win32.m"; sourceTree = "<group>"; };
		9626D5AD2074DEC800D52991 /* objc-msg-arm64.s */ = {isa = PBXFileReference; lastKnownFileType = sourcecode.asm; path = "objc-msg-arm64.s"; sourceTree = "<group>"; };
		9626D5AE2074DEC800D52991 /* llvm-DenseMapInfo.h */ = {isa = PBXFileReference; lastKnownFileType = sourcecode.c.h; path = "llvm-DenseMapInfo.h"; sourceTree = "<group>"; };
		9626D5AF2074DEC800D52991 /* objc-class.mm */ = {isa = PBXFileReference; lastKnownFileType = sourcecode.cpp.objcpp; path = "objc-class.mm"; sourceTree = "<group>"; };
		9626D5B02074DEC800D52991 /* a1a2-blocktramps-x86_64.s */ = {isa = PBXFileReference; lastKnownFileType = sourcecode.asm; path = "a1a2-blocktramps-x86_64.s"; sourceTree = "<group>"; };
		9626D5B12074DEC800D52991 /* objc-runtime-new.mm */ = {isa = PBXFileReference; lastKnownFileType = sourcecode.cpp.objcpp; path = "objc-runtime-new.mm"; sourceTree = "<group>"; };
		9626D5B22074DEC800D52991 /* objc-file-old.mm */ = {isa = PBXFileReference; lastKnownFileType = sourcecode.cpp.objcpp; path = "objc-file-old.mm"; sourceTree = "<group>"; };
		9626D5B32074DEC800D52991 /* a1a2-blocktramps-i386.s */ = {isa = PBXFileReference; lastKnownFileType = sourcecode.asm; path = "a1a2-blocktramps-i386.s"; sourceTree = "<group>"; };
		9626D5B42074DEC800D52991 /* objc-sel-table.s */ = {isa = PBXFileReference; lastKnownFileType = sourcecode.asm; path = "objc-sel-table.s"; sourceTree = "<group>"; };
		9626D5B52074DEC800D52991 /* objc-locks-new.h */ = {isa = PBXFileReference; lastKnownFileType = sourcecode.c.h; path = "objc-locks-new.h"; sourceTree = "<group>"; };
		9626D5B62074DEC800D52991 /* objc-os.h */ = {isa = PBXFileReference; lastKnownFileType = sourcecode.c.h; path = "objc-os.h"; sourceTree = "<group>"; };
		9626D5B72074DEC800D52991 /* objc-exception.h */ = {isa = PBXFileReference; lastKnownFileType = sourcecode.c.h; path = "objc-exception.h"; sourceTree = "<group>"; };
		9626D5B82074DEC800D52991 /* NSObjCRuntime.h */ = {isa = PBXFileReference; lastKnownFileType = sourcecode.c.h; path = NSObjCRuntime.h; sourceTree = "<group>"; };
		9626D5B92074DEC800D52991 /* objc-cache-old.h */ = {isa = PBXFileReference; lastKnownFileType = sourcecode.c.h; path = "objc-cache-old.h"; sourceTree = "<group>"; };
		9626D5BA2074DEC800D52991 /* a2a3-blocktramps-i386.s */ = {isa = PBXFileReference; lastKnownFileType = sourcecode.asm; path = "a2a3-blocktramps-i386.s"; sourceTree = "<group>"; };
		9626D5BB2074DEC800D52991 /* NSObject.mm */ = {isa = PBXFileReference; lastKnownFileType = sourcecode.cpp.objcpp; path = NSObject.mm; sourceTree = "<group>"; };
		9626D5BC2074DEC800D52991 /* objcrt.h */ = {isa = PBXFileReference; lastKnownFileType = sourcecode.c.h; path = objcrt.h; sourceTree = "<group>"; };
		9626D5BD2074DEC800D52991 /* objc-references.mm */ = {isa = PBXFileReference; lastKnownFileType = sourcecode.cpp.objcpp; path = "objc-references.mm"; sourceTree = "<group>"; };
		9626D5BE2074DEC800D52991 /* objc-sel-set.mm */ = {isa = PBXFileReference; lastKnownFileType = sourcecode.cpp.objcpp; path = "objc-sel-set.mm"; sourceTree = "<group>"; };
		9626D5BF2074DEC800D52991 /* objc-sync.h */ = {isa = PBXFileReference; lastKnownFileType = sourcecode.c.h; path = "objc-sync.h"; sourceTree = "<group>"; };
		9626D5C02074DEC800D52991 /* hashtable.h */ = {isa = PBXFileReference; lastKnownFileType = sourcecode.c.h; path = hashtable.h; sourceTree = "<group>"; };
		9626D5C12074DEC800D52991 /* objc-initialize.mm */ = {isa = PBXFileReference; lastKnownFileType = sourcecode.cpp.objcpp; path = "objc-initialize.mm"; sourceTree = "<group>"; };
		9626D5C22074DEC800D52991 /* a2a3-blocktramps-x86_64.s */ = {isa = PBXFileReference; lastKnownFileType = sourcecode.asm; path = "a2a3-blocktramps-x86_64.s"; sourceTree = "<group>"; };
		9626D5C32074DEC800D52991 /* objc-load.mm */ = {isa = PBXFileReference; lastKnownFileType = sourcecode.cpp.objcpp; path = "objc-load.mm"; sourceTree = "<group>"; };
		9626D5C42074DEC800D52991 /* objc-lockdebug.h */ = {isa = PBXFileReference; lastKnownFileType = sourcecode.c.h; path = "objc-lockdebug.h"; sourceTree = "<group>"; };
		9626D5C52074DEC800D52991 /* objc-load.h */ = {isa = PBXFileReference; lastKnownFileType = sourcecode.c.h; path = "objc-load.h"; sourceTree = "<group>"; };
		9626D5C72074DEC800D52991 /* ObjectiveC.apinotes */ = {isa = PBXFileReference; lastKnownFileType = text; path = ObjectiveC.apinotes; sourceTree = "<group>"; };
		9626D5C82074DEC800D52991 /* module.modulemap */ = {isa = PBXFileReference; lastKnownFileType = "sourcecode.module-map"; path = module.modulemap; sourceTree = "<group>"; };
		9626D5C92074DEC800D52991 /* llvm-type_traits.h */ = {isa = PBXFileReference; lastKnownFileType = sourcecode.c.h; path = "llvm-type_traits.h"; sourceTree = "<group>"; };
		9626D5CB2074DEC800D52991 /* List.m */ = {isa = PBXFileReference; lastKnownFileType = sourcecode.c.objc; path = List.m; sourceTree = "<group>"; };
		9626D5CC2074DEC800D52991 /* List.h */ = {isa = PBXFileReference; lastKnownFileType = sourcecode.c.h; path = List.h; sourceTree = "<group>"; };
		9626D5CD2074DEC800D52991 /* objc-block-trampolines.mm */ = {isa = PBXFileReference; lastKnownFileType = sourcecode.cpp.objcpp; path = "objc-block-trampolines.mm"; sourceTree = "<group>"; };
		9626D5CE2074DEC800D52991 /* objc-loadmethod.mm */ = {isa = PBXFileReference; lastKnownFileType = sourcecode.cpp.objcpp; path = "objc-loadmethod.mm"; sourceTree = "<group>"; };
		9626D5D02074DEC800D52991 /* objc-file.h */ = {isa = PBXFileReference; lastKnownFileType = sourcecode.c.h; path = "objc-file.h"; sourceTree = "<group>"; };
		9626D5D12074DEC800D52991 /* objc-probes.d */ = {isa = PBXFileReference; lastKnownFileType = sourcecode.dtrace; path = "objc-probes.d"; sourceTree = "<group>"; };
		9626D5D22074DEC800D52991 /* objc-class-old.mm */ = {isa = PBXFileReference; lastKnownFileType = sourcecode.cpp.objcpp; path = "objc-class-old.mm"; sourceTree = "<group>"; };
		9626D5D32074DEC800D52991 /* message.h */ = {isa = PBXFileReference; lastKnownFileType = sourcecode.c.h; path = message.h; sourceTree = "<group>"; };
		9626D5D42074DEC800D52991 /* objc-cache.h */ = {isa = PBXFileReference; lastKnownFileType = sourcecode.c.h; path = "objc-cache.h"; sourceTree = "<group>"; };
		9626D5D52074DEC800D52991 /* objc-weak.mm */ = {isa = PBXFileReference; lastKnownFileType = sourcecode.cpp.objcpp; path = "objc-weak.mm"; sourceTree = "<group>"; };
		9626D5D62074DEC800D52991 /* objc-env.h */ = {isa = PBXFileReference; lastKnownFileType = sourcecode.c.h; path = "objc-env.h"; sourceTree = "<group>"; };
		9626D5D72074DEC800D52991 /* maptable.mm */ = {isa = PBXFileReference; lastKnownFileType = sourcecode.cpp.objcpp; path = maptable.mm; sourceTree = "<group>"; };
		9626D5D82074DEC800D52991 /* objc-file-old.h */ = {isa = PBXFileReference; lastKnownFileType = sourcecode.c.h; path = "objc-file-old.h"; sourceTree = "<group>"; };
		9626D5D92074DEC800D52991 /* objc.h */ = {isa = PBXFileReference; lastKnownFileType = sourcecode.c.h; path = objc.h; sourceTree = "<group>"; };
		9626D5DA2074DEC800D52991 /* objc-locks-old.h */ = {isa = PBXFileReference; lastKnownFileType = sourcecode.c.h; path = "objc-locks-old.h"; sourceTree = "<group>"; };
		9626D5DB2074DEC800D52991 /* objc-auto.mm */ = {isa = PBXFileReference; lastKnownFileType = sourcecode.cpp.objcpp; path = "objc-auto.mm"; sourceTree = "<group>"; };
		9626D5DC2074DEC800D52991 /* objc-cache-old.mm */ = {isa = PBXFileReference; lastKnownFileType = sourcecode.cpp.objcpp; path = "objc-cache-old.mm"; sourceTree = "<group>"; };
		9626D5DD2074DEC800D52991 /* objc-sel-set.h */ = {isa = PBXFileReference; lastKnownFileType = sourcecode.c.h; path = "objc-sel-set.h"; sourceTree = "<group>"; };
		9626D5DE2074DEC800D52991 /* llvm-MathExtras.h */ = {isa = PBXFileReference; lastKnownFileType = sourcecode.c.h; path = "llvm-MathExtras.h"; sourceTree = "<group>"; };
		9626D5DF2074DEC800D52991 /* objc-sel.mm */ = {isa = PBXFileReference; lastKnownFileType = sourcecode.cpp.objcpp; path = "objc-sel.mm"; sourceTree = "<group>"; };
		9626D5E02074DEC800D52991 /* runtime.h */ = {isa = PBXFileReference; lastKnownFileType = sourcecode.c.h; path = runtime.h; sourceTree = "<group>"; };
		9626D5E12074DEC800D52991 /* objc-gdb.h */ = {isa = PBXFileReference; lastKnownFileType = sourcecode.c.h; path = "objc-gdb.h"; sourceTree = "<group>"; };
		9626D5E22074DEC800D52991 /* objc-class.h */ = {isa = PBXFileReference; lastKnownFileType = sourcecode.c.h; path = "objc-class.h"; sourceTree = "<group>"; };
		9626D5E32074DEC800D52991 /* NSObject.h */ = {isa = PBXFileReference; lastKnownFileType = sourcecode.c.h; path = NSObject.h; sourceTree = "<group>"; };
		9626D5E42074DEC800D52991 /* objc-internal.h */ = {isa = PBXFileReference; lastKnownFileType = sourcecode.c.h; path = "objc-internal.h"; sourceTree = "<group>"; };
		9626D5E52074DEC800D52991 /* objc-weak.h */ = {isa = PBXFileReference; lastKnownFileType = sourcecode.c.h; path = "objc-weak.h"; sourceTree = "<group>"; };
		9626D5E62074DEC800D52991 /* Object.mm */ = {isa = PBXFileReference; lastKnownFileType = sourcecode.cpp.objcpp; path = Object.mm; sourceTree = "<group>"; };
		9626D5E72074DEC800D52991 /* objc-sync.mm */ = {isa = PBXFileReference; lastKnownFileType = sourcecode.cpp.objcpp; path = "objc-sync.mm"; sourceTree = "<group>"; };
		9626D5E82074DEC800D52991 /* maptable.h */ = {isa = PBXFileReference; lastKnownFileType = sourcecode.c.h; path = maptable.h; sourceTree = "<group>"; };
		9626D5EA2074DEC800D52991 /* objc-exception.mm */ = {isa = PBXFileReference; lastKnownFileType = sourcecode.cpp.objcpp; path = "objc-exception.mm"; sourceTree = "<group>"; };
		9626D5EB2074DEC800D52991 /* objc-object.h */ = {isa = PBXFileReference; lastKnownFileType = sourcecode.c.h; path = "objc-object.h"; sourceTree = "<group>"; };
		9626D5EC2074DEC800D52991 /* objc-layout.mm */ = {isa = PBXFileReference; lastKnownFileType = sourcecode.cpp.objcpp; path = "objc-layout.mm"; sourceTree = "<group>"; };
		9626D5ED2074DEC800D52991 /* objc-initialize.h */ = {isa = PBXFileReference; lastKnownFileType = sourcecode.c.h; path = "objc-initialize.h"; sourceTree = "<group>"; };
		9626D5EF2074DEC800D52991 /* objc-abi.h */ = {isa = PBXFileReference; lastKnownFileType = sourcecode.c.h; path = "objc-abi.h"; sourceTree = "<group>"; };
		9626D5F02074DEC800D52991 /* a1a2-blocktramps-arm64.s */ = {isa = PBXFileReference; lastKnownFileType = sourcecode.asm; path = "a1a2-blocktramps-arm64.s"; sourceTree = "<group>"; };
		9626D5F12074DEC800D52991 /* objc-os.mm */ = {isa = PBXFileReference; lastKnownFileType = sourcecode.cpp.objcpp; path = "objc-os.mm"; sourceTree = "<group>"; };
		9626D5F22074DEC800D52991 /* objc-accessors.mm */ = {isa = PBXFileReference; lastKnownFileType = sourcecode.cpp.objcpp; path = "objc-accessors.mm"; sourceTree = "<group>"; };
		9626D5F32074DEC800D52991 /* objcrt.c */ = {isa = PBXFileReference; lastKnownFileType = sourcecode.c.c; path = objcrt.c; sourceTree = "<group>"; };
		9626D5F42074DEC800D52991 /* objc-loadmethod.h */ = {isa = PBXFileReference; lastKnownFileType = sourcecode.c.h; path = "objc-loadmethod.h"; sourceTree = "<group>"; };
		9626D5F52074DEC800D52991 /* Object.h */ = {isa = PBXFileReference; lastKnownFileType = sourcecode.c.h; path = Object.h; sourceTree = "<group>"; };
		9626D5F62074DEC800D52991 /* hashtable2.mm */ = {isa = PBXFileReference; lastKnownFileType = sourcecode.cpp.objcpp; path = hashtable2.mm; sourceTree = "<group>"; };
		9626D5F72074DEC800D52991 /* a2a3-blocktramps-arm.s */ = {isa = PBXFileReference; lastKnownFileType = sourcecode.asm; path = "a2a3-blocktramps-arm.s"; sourceTree = "<group>"; };
		9626D5F82074DEC800D52991 /* objc-references.h */ = {isa = PBXFileReference; lastKnownFileType = sourcecode.c.h; path = "objc-references.h"; sourceTree = "<group>"; };
		9626D5FA2074DEC800D52991 /* objc-typeencoding.mm */ = {isa = PBXFileReference; lastKnownFileType = sourcecode.cpp.objcpp; path = "objc-typeencoding.mm"; sourceTree = "<group>"; };
		9626D5FB2074DEC800D52991 /* objc-opt.mm */ = {isa = PBXFileReference; lastKnownFileType = sourcecode.cpp.objcpp; path = "objc-opt.mm"; sourceTree = "<group>"; };
		9626D5FC2074DEC800D52991 /* objc-runtime-new.h */ = {isa = PBXFileReference; lastKnownFileType = sourcecode.c.h; path = "objc-runtime-new.h"; sourceTree = "<group>"; };
		9626D5FD2074DEC800D52991 /* objc-locks.h */ = {isa = PBXFileReference; lastKnownFileType = sourcecode.c.h; path = "objc-locks.h"; sourceTree = "<group>"; };
		9626D5FE2074DEC800D52991 /* objc-auto.h */ = {isa = PBXFileReference; lastKnownFileType = sourcecode.c.h; path = "objc-auto.h"; sourceTree = "<group>"; };
		9626D5FF2074DEC800D52991 /* objc-lockdebug.mm */ = {isa = PBXFileReference; lastKnownFileType = sourcecode.cpp.objcpp; path = "objc-lockdebug.mm"; sourceTree = "<group>"; };
		9626D6002074DEC800D52991 /* llvm-DenseMap.h */ = {isa = PBXFileReference; lastKnownFileType = sourcecode.c.h; path = "llvm-DenseMap.h"; sourceTree = "<group>"; };
		9626D6012074DEC800D52991 /* objc-cache.mm */ = {isa = PBXFileReference; lastKnownFileType = sourcecode.cpp.objcpp; path = "objc-cache.mm"; sourceTree = "<group>"; };
		9626D6022074DEC800D52991 /* a1a2-blocktramps-arm.s */ = {isa = PBXFileReference; lastKnownFileType = sourcecode.asm; path = "a1a2-blocktramps-arm.s"; sourceTree = "<group>"; };
		9626D6032074DEC800D52991 /* llvm-AlignOf.h */ = {isa = PBXFileReference; lastKnownFileType = sourcecode.c.h; path = "llvm-AlignOf.h"; sourceTree = "<group>"; };
		9626D6042074DEC800D52991 /* objc-api.h */ = {isa = PBXFileReference; lastKnownFileType = sourcecode.c.h; path = "objc-api.h"; sourceTree = "<group>"; };
		9626D6052074DEC800D52991 /* hashtable2.h */ = {isa = PBXFileReference; lastKnownFileType = sourcecode.c.h; path = hashtable2.h; sourceTree = "<group>"; };
		9626D6062074DEC800D52991 /* Protocol.mm */ = {isa = PBXFileReference; lastKnownFileType = sourcecode.cpp.objcpp; path = Protocol.mm; sourceTree = "<group>"; };
		9642CD502058F008005611C6 /* interviewtest */ = {isa = PBXFileReference; explicitFileType = "compiled.mach-o.executable"; includeInIndex = 0; path = interviewtest; sourceTree = BUILT_PRODUCTS_DIR; };
		9642CD532058F008005611C6 /* main.m */ = {isa = PBXFileReference; lastKnownFileType = sourcecode.c.objc; path = main.m; sourceTree = "<group>"; };
/* End PBXFileReference section */

/* Begin PBXFrameworksBuildPhase section */
		9642CD4D2058F008005611C6 /* Frameworks */ = {
			isa = PBXFrameworksBuildPhase;
			buildActionMask = 2147483647;
			files = (
			);
			runOnlyForDeploymentPostprocessing = 0;
		};
/* End PBXFrameworksBuildPhase section */

/* Begin PBXGroup section */
		9626D5A02074DEC800D52991 /* runtime */ = {
			isa = PBXGroup;
			children = (
				9626D6022074DEC800D52991 /* a1a2-blocktramps-arm.s */,
				9626D5F02074DEC800D52991 /* a1a2-blocktramps-arm64.s */,
				9626D5B32074DEC800D52991 /* a1a2-blocktramps-i386.s */,
				9626D5B02074DEC800D52991 /* a1a2-blocktramps-x86_64.s */,
				9626D5F72074DEC800D52991 /* a2a3-blocktramps-arm.s */,
				9626D5BA2074DEC800D52991 /* a2a3-blocktramps-i386.s */,
				9626D5C22074DEC800D52991 /* a2a3-blocktramps-x86_64.s */,
				9626D5C02074DEC800D52991 /* hashtable.h */,
				9626D6052074DEC800D52991 /* hashtable2.h */,
				9626D5F62074DEC800D52991 /* hashtable2.mm */,
				9626D6032074DEC800D52991 /* llvm-AlignOf.h */,
				9626D6002074DEC800D52991 /* llvm-DenseMap.h */,
				9626D5AE2074DEC800D52991 /* llvm-DenseMapInfo.h */,
				9626D5DE2074DEC800D52991 /* llvm-MathExtras.h */,
				9626D5C92074DEC800D52991 /* llvm-type_traits.h */,
				9626D5E82074DEC800D52991 /* maptable.h */,
				9626D5D72074DEC800D52991 /* maptable.mm */,
				9626D5D32074DEC800D52991 /* message.h */,
				9626D5A62074DEC800D52991 /* Messengers.subproj */,
				9626D5C62074DEC800D52991 /* Module */,
				9626D5B82074DEC800D52991 /* NSObjCRuntime.h */,
				9626D5E32074DEC800D52991 /* NSObject.h */,
				9626D5BB2074DEC800D52991 /* NSObject.mm */,
				9626D5EF2074DEC800D52991 /* objc-abi.h */,
				9626D5F22074DEC800D52991 /* objc-accessors.mm */,
				9626D6042074DEC800D52991 /* objc-api.h */,
				9626D5FE2074DEC800D52991 /* objc-auto.h */,
				9626D5DB2074DEC800D52991 /* objc-auto.mm */,
				9626D5CD2074DEC800D52991 /* objc-block-trampolines.mm */,
				9626D5B92074DEC800D52991 /* objc-cache-old.h */,
				9626D5DC2074DEC800D52991 /* objc-cache-old.mm */,
				9626D5D42074DEC800D52991 /* objc-cache.h */,
				9626D6012074DEC800D52991 /* objc-cache.mm */,
				9626D5D22074DEC800D52991 /* objc-class-old.mm */,
				9626D5E22074DEC800D52991 /* objc-class.h */,
				9626D5AF2074DEC800D52991 /* objc-class.mm */,
				9626D5A42074DEC800D52991 /* objc-config.h */,
				9626D5D62074DEC800D52991 /* objc-env.h */,
				9626D5A32074DEC800D52991 /* objc-errors.mm */,
				9626D5B72074DEC800D52991 /* objc-exception.h */,
				9626D5EA2074DEC800D52991 /* objc-exception.mm */,
				9626D5D82074DEC800D52991 /* objc-file-old.h */,
				9626D5B22074DEC800D52991 /* objc-file-old.mm */,
				9626D5D02074DEC800D52991 /* objc-file.h */,
				9626D5A22074DEC800D52991 /* objc-file.mm */,
				9626D5E12074DEC800D52991 /* objc-gdb.h */,
				9626D5ED2074DEC800D52991 /* objc-initialize.h */,
				9626D5C12074DEC800D52991 /* objc-initialize.mm */,
				9626D5E42074DEC800D52991 /* objc-internal.h */,
				9626D5EC2074DEC800D52991 /* objc-layout.mm */,
				9626D5C52074DEC800D52991 /* objc-load.h */,
				9626D5C32074DEC800D52991 /* objc-load.mm */,
				9626D5F42074DEC800D52991 /* objc-loadmethod.h */,
				9626D5CE2074DEC800D52991 /* objc-loadmethod.mm */,
				9626D5C42074DEC800D52991 /* objc-lockdebug.h */,
				9626D5FF2074DEC800D52991 /* objc-lockdebug.mm */,
				9626D5B52074DEC800D52991 /* objc-locks-new.h */,
				9626D5DA2074DEC800D52991 /* objc-locks-old.h */,
				9626D5FD2074DEC800D52991 /* objc-locks.h */,
				9626D5EB2074DEC800D52991 /* objc-object.h */,
				9626D5FB2074DEC800D52991 /* objc-opt.mm */,
				9626D5B62074DEC800D52991 /* objc-os.h */,
				9626D5F12074DEC800D52991 /* objc-os.mm */,
				9626D5A52074DEC800D52991 /* objc-private.h */,
				9626D5D12074DEC800D52991 /* objc-probes.d */,
				9626D5F82074DEC800D52991 /* objc-references.h */,
				9626D5BD2074DEC800D52991 /* objc-references.mm */,
				9626D5FC2074DEC800D52991 /* objc-runtime-new.h */,
				9626D5B12074DEC800D52991 /* objc-runtime-new.mm */,
				9626D5DD2074DEC800D52991 /* objc-sel-set.h */,
				9626D5BE2074DEC800D52991 /* objc-sel-set.mm */,
				9626D5B42074DEC800D52991 /* objc-sel-table.s */,
				9626D5DF2074DEC800D52991 /* objc-sel.mm */,
				9626D5BF2074DEC800D52991 /* objc-sync.h */,
				9626D5E72074DEC800D52991 /* objc-sync.mm */,
				9626D5FA2074DEC800D52991 /* objc-typeencoding.mm */,
				9626D5E52074DEC800D52991 /* objc-weak.h */,
				9626D5D52074DEC800D52991 /* objc-weak.mm */,
				9626D5D92074DEC800D52991 /* objc.h */,
				9626D5F32074DEC800D52991 /* objcrt.c */,
				9626D5BC2074DEC800D52991 /* objcrt.h */,
				9626D5F52074DEC800D52991 /* Object.h */,
				9626D5E62074DEC800D52991 /* Object.mm */,
				9626D5CA2074DEC800D52991 /* OldClasses.subproj */,
				9626D5A12074DEC800D52991 /* Protocol.h */,
				9626D6062074DEC800D52991 /* Protocol.mm */,
				9626D5E02074DEC800D52991 /* runtime.h */,
			);
			path = runtime;
			sourceTree = "<group>";
		};
		9626D5A62074DEC800D52991 /* Messengers.subproj */ = {
			isa = PBXGroup;
			children = (
				9626D5A72074DEC800D52991 /* objc-msg-arm.s */,
				9626D5A82074DEC800D52991 /* objc-msg-simulator-i386.s */,
				9626D5A92074DEC800D52991 /* objc-msg-i386.s */,
				9626D5AA2074DEC800D52991 /* objc-msg-x86_64.s */,
				9626D5AB2074DEC800D52991 /* objc-msg-simulator-x86_64.s */,
				9626D5AC2074DEC800D52991 /* objc-msg-win32.m */,
				9626D5AD2074DEC800D52991 /* objc-msg-arm64.s */,
			);
			path = Messengers.subproj;
			sourceTree = "<group>";
		};
		9626D5C62074DEC800D52991 /* Module */ = {
			isa = PBXGroup;
			children = (
				9626D5C72074DEC800D52991 /* ObjectiveC.apinotes */,
				9626D5C82074DEC800D52991 /* module.modulemap */,
			);
			path = Module;
			sourceTree = "<group>";
		};
		9626D5CA2074DEC800D52991 /* OldClasses.subproj */ = {
			isa = PBXGroup;
			children = (
				9626D5CB2074DEC800D52991 /* List.m */,
				9626D5CC2074DEC800D52991 /* List.h */,
			);
			path = OldClasses.subproj;
			sourceTree = "<group>";
		};
		9642CD472058F008005611C6 = {
			isa = PBXGroup;
			children = (
				9642CD522058F008005611C6 /* interviewtest */,
				9642CD512058F008005611C6 /* Products */,
			);
			sourceTree = "<group>";
		};
		9642CD512058F008005611C6 /* Products */ = {
			isa = PBXGroup;
			children = (
				9642CD502058F008005611C6 /* interviewtest */,
			);
			name = Products;
			sourceTree = "<group>";
		};
		9642CD522058F008005611C6 /* interviewtest */ = {
			isa = PBXGroup;
			children = (
				9626D5A02074DEC800D52991 /* runtime */,
				9642CD532058F008005611C6 /* main.m */,
				9626D59D2074DC3D00D52991 /* CFRunloop.h */,
				9626D59E2074DC3D00D52991 /* CFRunloop.c */,
			);
			path = interviewtest;
			sourceTree = "<group>";
		};
/* End PBXGroup section */

/* Begin PBXNativeTarget section */
		9642CD4F2058F008005611C6 /* interviewtest */ = {
			isa = PBXNativeTarget;
			buildConfigurationList = 9642CD572058F008005611C6 /* Build configuration list for PBXNativeTarget "interviewtest" */;
			buildPhases = (
				9642CD4C2058F008005611C6 /* Sources */,
				9642CD4D2058F008005611C6 /* Frameworks */,
				9642CD4E2058F008005611C6 /* CopyFiles */,
			);
			buildRules = (
			);
			dependencies = (
			);
			name = interviewtest;
			productName = interviewtest;
			productReference = 9642CD502058F008005611C6 /* interviewtest */;
			productType = "com.apple.product-type.tool";
		};
/* End PBXNativeTarget section */

/* Begin PBXProject section */
		9642CD482058F008005611C6 /* Project object */ = {
			isa = PBXProject;
			attributes = {
				LastUpgradeCheck = 0920;
				ORGANIZATIONNAME = bmcode;
				TargetAttributes = {
					9642CD4F2058F008005611C6 = {
						CreatedOnToolsVersion = 9.2;
						ProvisioningStyle = Automatic;
					};
				};
			};
			buildConfigurationList = 9642CD4B2058F008005611C6 /* Build configuration list for PBXProject "interviewtest" */;
			compatibilityVersion = "Xcode 8.0";
			developmentRegion = en;
			hasScannedForEncodings = 0;
			knownRegions = (
				en,
			);
			mainGroup = 9642CD472058F008005611C6;
			productRefGroup = 9642CD512058F008005611C6 /* Products */;
			projectDirPath = "";
			projectRoot = "";
			targets = (
				9642CD4F2058F008005611C6 /* interviewtest */,
			);
		};
/* End PBXProject section */

/* Begin PBXSourcesBuildPhase section */
		9642CD4C2058F008005611C6 /* Sources */ = {
			isa = PBXSourcesBuildPhase;
			buildActionMask = 2147483647;
			files = (
				9626D59F2074DC3D00D52991 /* CFRunloop.c in Sources */,
				9642CD542058F008005611C6 /* main.m in Sources */,
			);
			runOnlyForDeploymentPostprocessing = 0;
		};
/* End PBXSourcesBuildPhase section */

/* Begin XCBuildConfiguration section */
		9642CD552058F008005611C6 /* Debug */ = {
			isa = XCBuildConfiguration;
			buildSettings = {
				ALWAYS_SEARCH_USER_PATHS = NO;
				CLANG_ANALYZER_NONNULL = YES;
				CLANG_ANALYZER_NUMBER_OBJECT_CONVERSION = YES_AGGRESSIVE;
				CLANG_CXX_LANGUAGE_STANDARD = "gnu++14";
				CLANG_CXX_LIBRARY = "libc++";
				CLANG_ENABLE_MODULES = YES;
				CLANG_ENABLE_OBJC_ARC = YES;
				CLANG_WARN_BLOCK_CAPTURE_AUTORELEASING = YES;
				CLANG_WARN_BOOL_CONVERSION = YES;
				CLANG_WARN_COMMA = YES;
				CLANG_WARN_CONSTANT_CONVERSION = YES;
				CLANG_WARN_DIRECT_OBJC_ISA_USAGE = YES_ERROR;
				CLANG_WARN_DOCUMENTATION_COMMENTS = YES;
				CLANG_WARN_EMPTY_BODY = YES;
				CLANG_WARN_ENUM_CONVERSION = YES;
				CLANG_WARN_INFINITE_RECURSION = YES;
				CLANG_WARN_INT_CONVERSION = YES;
				CLANG_WARN_NON_LITERAL_NULL_CONVERSION = YES;
				CLANG_WARN_OBJC_LITERAL_CONVERSION = YES;
				CLANG_WARN_OBJC_ROOT_CLASS = YES_ERROR;
				CLANG_WARN_RANGE_LOOP_ANALYSIS = YES;
				CLANG_WARN_STRICT_PROTOTYPES = YES;
				CLANG_WARN_SUSPICIOUS_MOVE = YES;
				CLANG_WARN_UNGUARDED_AVAILABILITY = YES_AGGRESSIVE;
				CLANG_WARN_UNREACHABLE_CODE = YES;
				CLANG_WARN__DUPLICATE_METHOD_MATCH = YES;
				CODE_SIGN_IDENTITY = "Mac Developer";
				COPY_PHASE_STRIP = NO;
				DEBUG_INFORMATION_FORMAT = dwarf;
				ENABLE_STRICT_OBJC_MSGSEND = YES;
				ENABLE_TESTABILITY = YES;
				GCC_C_LANGUAGE_STANDARD = gnu11;
				GCC_DYNAMIC_NO_PIC = NO;
				GCC_NO_COMMON_BLOCKS = YES;
				GCC_OPTIMIZATION_LEVEL = 0;
				GCC_PREPROCESSOR_DEFINITIONS = (
					"DEBUG=1",
					"$(inherited)",
				);
				GCC_WARN_64_TO_32_BIT_CONVERSION = YES;
				GCC_WARN_ABOUT_RETURN_TYPE = YES_ERROR;
				GCC_WARN_UNDECLARED_SELECTOR = YES;
				GCC_WARN_UNINITIALIZED_AUTOS = YES_AGGRESSIVE;
				GCC_WARN_UNUSED_FUNCTION = YES;
				GCC_WARN_UNUSED_VARIABLE = YES;
				MACOSX_DEPLOYMENT_TARGET = 10.13;
				MTL_ENABLE_DEBUG_INFO = YES;
				ONLY_ACTIVE_ARCH = YES;
				SDKROOT = macosx;
			};
			name = Debug;
		};
		9642CD562058F008005611C6 /* Release */ = {
			isa = XCBuildConfiguration;
			buildSettings = {
				ALWAYS_SEARCH_USER_PATHS = NO;
				CLANG_ANALYZER_NONNULL = YES;
				CLANG_ANALYZER_NUMBER_OBJECT_CONVERSION = YES_AGGRESSIVE;
				CLANG_CXX_LANGUAGE_STANDARD = "gnu++14";
				CLANG_CXX_LIBRARY = "libc++";
				CLANG_ENABLE_MODULES = YES;
				CLANG_ENABLE_OBJC_ARC = YES;
				CLANG_WARN_BLOCK_CAPTURE_AUTORELEASING = YES;
				CLANG_WARN_BOOL_CONVERSION = YES;
				CLANG_WARN_COMMA = YES;
				CLANG_WARN_CONSTANT_CONVERSION = YES;
				CLANG_WARN_DIRECT_OBJC_ISA_USAGE = YES_ERROR;
				CLANG_WARN_DOCUMENTATION_COMMENTS = YES;
				CLANG_WARN_EMPTY_BODY = YES;
				CLANG_WARN_ENUM_CONVERSION = YES;
				CLANG_WARN_INFINITE_RECURSION = YES;
				CLANG_WARN_INT_CONVERSION = YES;
				CLANG_WARN_NON_LITERAL_NULL_CONVERSION = YES;
				CLANG_WARN_OBJC_LITERAL_CONVERSION = YES;
				CLANG_WARN_OBJC_ROOT_CLASS = YES_ERROR;
				CLANG_WARN_RANGE_LOOP_ANALYSIS = YES;
				CLANG_WARN_STRICT_PROTOTYPES = YES;
				CLANG_WARN_SUSPICIOUS_MOVE = YES;
				CLANG_WARN_UNGUARDED_AVAILABILITY = YES_AGGRESSIVE;
				CLANG_WARN_UNREACHABLE_CODE = YES;
				CLANG_WARN__DUPLICATE_METHOD_MATCH = YES;
				CODE_SIGN_IDENTITY = "Mac Developer";
				COPY_PHASE_STRIP = NO;
				DEBUG_INFORMATION_FORMAT = "dwarf-with-dsym";
				ENABLE_NS_ASSERTIONS = NO;
				ENABLE_STRICT_OBJC_MSGSEND = YES;
				GCC_C_LANGUAGE_STANDARD = gnu11;
				GCC_NO_COMMON_BLOCKS = YES;
				GCC_WARN_64_TO_32_BIT_CONVERSION = YES;
				GCC_WARN_ABOUT_RETURN_TYPE = YES_ERROR;
				GCC_WARN_UNDECLARED_SELECTOR = YES;
				GCC_WARN_UNINITIALIZED_AUTOS = YES_AGGRESSIVE;
				GCC_WARN_UNUSED_FUNCTION = YES;
				GCC_WARN_UNUSED_VARIABLE = YES;
				MACOSX_DEPLOYMENT_TARGET = 10.13;
				MTL_ENABLE_DEBUG_INFO = NO;
				SDKROOT = macosx;
			};
			name = Release;
		};
		9642CD582058F008005611C6 /* Debug */ = {
			isa = XCBuildConfiguration;
			buildSettings = {
				CLANG_ENABLE_OBJC_ARC = NO;
				CODE_SIGN_STYLE = Automatic;
				DEVELOPMENT_TEAM = R8HD5793ZU;
				PRODUCT_NAME = "$(TARGET_NAME)";
			};
			name = Debug;
		};
		9642CD592058F008005611C6 /* Release */ = {
			isa = XCBuildConfiguration;
			buildSettings = {
				CLANG_ENABLE_OBJC_ARC = NO;
				CODE_SIGN_STYLE = Automatic;
				DEVELOPMENT_TEAM = R8HD5793ZU;
				PRODUCT_NAME = "$(TARGET_NAME)";
			};
			name = Release;
		};
/* End XCBuildConfiguration section */

/* Begin XCConfigurationList section */
		9642CD4B2058F008005611C6 /* Build configuration list for PBXProject "interviewtest" */ = {
			isa = XCConfigurationList;
			buildConfigurations = (
				9642CD552058F008005611C6 /* Debug */,
				9642CD562058F008005611C6 /* Release */,
			);
			defaultConfigurationIsVisible = 0;
			defaultConfigurationName = Release;
		};
		9642CD572058F008005611C6 /* Build configuration list for PBXNativeTarget "interviewtest" */ = {
			isa = XCConfigurationList;
			buildConfigurations = (
				9642CD582058F008005611C6 /* Debug */,
				9642CD592058F008005611C6 /* Release */,
			);
			defaultConfigurationIsVisible = 0;
			defaultConfigurationName = Release;
		};
/* End XCConfigurationList section */
	};
	rootObject = 9642CD482058F008005611C6 /* Project object */;
}
